
Microsoft Visual Studio Solution File, Format Version 12.00
# Visual Studio 15
VisualStudioVersion = 15.0.27703.2000
MinimumVisualStudioVersion = 10.0.40219.1
Project("{FAE04EC0-301F-11D3-BF4B-00C04F79EFBC}") = "ClusterClientAppTester", "ClusterClientAppTester\ClusterClientAppTester.csproj", "{085886E5-3D56-4E41-941A-611EDD2A31D4}"
EndProject
Project("{9A19103F-16F7-4668-BE54-9A1E7A4F7556}") = "Amazon.ElastiCacheCluster", "Amazon.ElastiCacheCluster\Amazon.ElastiCacheCluster.csproj", "{DD42BDAD-7E33-4F0C-83C2-CDE5A2EDC119}"
EndProject
Project("{FAE04EC0-301F-11D3-BF4B-00C04F79EFBC}") = "LocalSimulationTests", "LocalSimulationTests\LocalSimulationTests.csproj", "{F2723CFB-79B5-4055-BF75-CC0CFA7495D0}"
EndProject
Global
	GlobalSection(SolutionConfigurationPlatforms) = preSolution
		Debug|Any CPU = Debug|Any CPU
		Release|Any CPU = Release|Any CPU
	EndGlobalSection
	GlobalSection(ProjectConfigurationPlatforms) = postSolution
		{085886E5-3D56-4E41-941A-611EDD2A31D4}.Debug|Any CPU.ActiveCfg = Debug|Any CPU
		{085886E5-3D56-4E41-941A-611EDD2A31D4}.Debug|Any CPU.Build.0 = Debug|Any CPU
		{085886E5-3D56-4E41-941A-611EDD2A31D4}.Release|Any CPU.ActiveCfg = Release|Any CPU
		{085886E5-3D56-4E41-941A-611EDD2A31D4}.Release|Any CPU.Build.0 = Release|Any CPU
		{DD42BDAD-7E33-4F0C-83C2-CDE5A2EDC119}.Debug|Any CPU.ActiveCfg = Debug|Any CPU
		{DD42BDAD-7E33-4F0C-83C2-CDE5A2EDC119}.Debug|Any CPU.Build.0 = Debug|Any CPU
		{DD42BDAD-7E33-4F0C-83C2-CDE5A2EDC119}.Release|Any CPU.ActiveCfg = Release|Any CPU
		{DD42BDAD-7E33-4F0C-83C2-CDE5A2EDC119}.Release|Any CPU.Build.0 = Release|Any CPU
		{F2723CFB-79B5-4055-BF75-CC0CFA7495D0}.Debug|Any CPU.ActiveCfg = Debug|Any CPU
		{F2723CFB-79B5-4055-BF75-CC0CFA7495D0}.Debug|Any CPU.Build.0 = Debug|Any CPU
		{F2723CFB-79B5-4055-BF75-CC0CFA7495D0}.Release|Any CPU.ActiveCfg = Release|Any CPU
		{F2723CFB-79B5-4055-BF75-CC0CFA7495D0}.Release|Any CPU.Build.0 = Release|Any CPU
	EndGlobalSection
	GlobalSection(SolutionProperties) = preSolution
		HideSolutionNode = FALSE
	EndGlobalSection
	GlobalSection(ExtensibilityGlobals) = postSolution
		SolutionGuid = {98FA6FBE-B80D-496C-A9C9-E3705E0658CB}
	EndGlobalSection
EndGlobal
